
Microsoft Visual Studio Solution File, Format Version 12.00
# Visual Studio 15
VisualStudioVersion = 15.0.26730.12
MinimumVisualStudioVersion = 10.0.40219.1
Project("{FAE04EC0-301F-11D3-BF4B-00C04F79EFBC}") = "LightsOutWPF", "LightsOutWPF\LightsOutWPF.csproj", "{16E5350D-FFC6-4303-8257-76A187EA1223}"
EndProject
Global
	GlobalSection(SolutionConfigurationPlatforms) = preSolution
		Debug|Any CPU = Debug|Any CPU
		Release|Any CPU = Release|Any CPU
	EndGlobalSection
	GlobalSection(ProjectConfigurationPlatforms) = postSolution
		{16E5350D-FFC6-4303-8257-76A187EA1223}.Debug|Any CPU.ActiveCfg = Debug|Any CPU
		{16E5350D-FFC6-4303-8257-76A187EA1223}.Debug|Any CPU.Build.0 = Debug|Any CPU
		{16E5350D-FFC6-4303-8257-76A187EA1223}.Release|Any CPU.ActiveCfg = Release|Any CPU
		{16E5350D-FFC6-4303-8257-76A187EA1223}.Release|Any CPU.Build.0 = Release|Any CPU
	EndGlobalSection
	GlobalSection(SolutionProperties) = preSolution
		HideSolutionNode = FALSE
	EndGlobalSection
	GlobalSection(ExtensibilityGlobals) = postSolution
		SolutionGuid = {8D1FE904-0D3E-43BC-822F-2AA2B4C64C61}
	EndGlobalSection
EndGlobal
